
Microsoft Visual Studio Solution File, Format Version 12.00
# Visual Studio Version 17
VisualStudioVersion = 17.1.32328.378
MinimumVisualStudioVersion = 10.0.40219.1
Project("{FAE04EC0-301F-11D3-BF4B-00C04F79EFBC}") = "BowlingGameChallenge", "BowlingGameChallenge\BowlingGameChallenge.csproj", "{7B72EB01-E407-4C20-A027-C56744F4C709}"
EndProject
Global
	GlobalSection(SolutionConfigurationPlatforms) = preSolution
		Debug|Any CPU = Debug|Any CPU
		Release|Any CPU = Release|Any CPU
	EndGlobalSection
	GlobalSection(ProjectConfigurationPlatforms) = postSolution
		{7B72EB01-E407-4C20-A027-C56744F4C709}.Debug|Any CPU.ActiveCfg = Debug|Any CPU
		{7B72EB01-E407-4C20-A027-C56744F4C709}.Debug|Any CPU.Build.0 = Debug|Any CPU
		{7B72EB01-E407-4C20-A027-C56744F4C709}.Release|Any CPU.ActiveCfg = Release|Any CPU
		{7B72EB01-E407-4C20-A027-C56744F4C709}.Release|Any CPU.Build.0 = Release|Any CPU
	EndGlobalSection
	GlobalSection(SolutionProperties) = preSolution
		HideSolutionNode = FALSE
	EndGlobalSection
	GlobalSection(ExtensibilityGlobals) = postSolution
		SolutionGuid = {AE2DAAC6-8EE0-4FAD-8A1E-025237D581E0}
	EndGlobalSection
EndGlobal
